
Microsoft Visual Studio Solution File, Format Version 12.00
# Visual Studio Version 17
VisualStudioVersion = 17.3.32804.467
MinimumVisualStudioVersion = 10.0.40219.1
Project("{FAE04EC0-301F-11D3-BF4B-00C04F79EFBC}") = "add", "add\add.csproj", "{121B7229-EFB6-4C6B-8270-DA07E07A3634}"
EndProject
Global
	GlobalSection(SolutionConfigurationPlatforms) = preSolution
		Debug|Any CPU = Debug|Any CPU
		Release|Any CPU = Release|Any CPU
	EndGlobalSection
	GlobalSection(ProjectConfigurationPlatforms) = postSolution
		{121B7229-EFB6-4C6B-8270-DA07E07A3634}.Debug|Any CPU.ActiveCfg = Debug|Any CPU
		{121B7229-EFB6-4C6B-8270-DA07E07A3634}.Debug|Any CPU.Build.0 = Debug|Any CPU
		{121B7229-EFB6-4C6B-8270-DA07E07A3634}.Release|Any CPU.ActiveCfg = Release|Any CPU
		{121B7229-EFB6-4C6B-8270-DA07E07A3634}.Release|Any CPU.Build.0 = Release|Any CPU
	EndGlobalSection
	GlobalSection(SolutionProperties) = preSolution
		HideSolutionNode = FALSE
	EndGlobalSection
	GlobalSection(ExtensibilityGlobals) = postSolution
		SolutionGuid = {98B82AC7-52C3-43BB-AA64-F7DDB7A12343}
	EndGlobalSection
EndGlobal
